
Microsoft Visual Studio Solution File, Format Version 12.00
# Visual Studio Version 17
VisualStudioVersion = 17.10.35004.147
MinimumVisualStudioVersion = 10.0.40219.1
Project("{FAE04EC0-301F-11D3-BF4B-00C04F79EFBC}") = "BlackJack", "BlackJack\BlackJack.csproj", "{694B8A39-223C-461E-ABC3-560960C9C698}"
EndProject
Global
	GlobalSection(SolutionConfigurationPlatforms) = preSolution
		Debug|Any CPU = Debug|Any CPU
		Release|Any CPU = Release|Any CPU
	EndGlobalSection
	GlobalSection(ProjectConfigurationPlatforms) = postSolution
		{694B8A39-223C-461E-ABC3-560960C9C698}.Debug|Any CPU.ActiveCfg = Debug|Any CPU
		{694B8A39-223C-461E-ABC3-560960C9C698}.Debug|Any CPU.Build.0 = Debug|Any CPU
		{694B8A39-223C-461E-ABC3-560960C9C698}.Release|Any CPU.ActiveCfg = Release|Any CPU
		{694B8A39-223C-461E-ABC3-560960C9C698}.Release|Any CPU.Build.0 = Release|Any CPU
	EndGlobalSection
	GlobalSection(SolutionProperties) = preSolution
		HideSolutionNode = FALSE
	EndGlobalSection
	GlobalSection(ExtensibilityGlobals) = postSolution
		SolutionGuid = {669680D3-9CAE-4CF6-B995-6555937BD7D6}
	EndGlobalSection
EndGlobal
